// !$*UTF8*$!
{
	archiveVersion = 1;
	classes = {
	};
	objectVersion = 46;
	objects = {

/* Begin PBXBuildFile section */
		08142B9A1BCEF87B00AC11CA /* date.cpp in Sources */ = {isa = PBXBuildFile; fileRef = 08142B991BCEF87B00AC11CA /* date.cpp */; settings = {ASSET_TAGS = (); }; };
		08142B9D1BCF07F500AC11CA /* baseDate.cpp in Sources */ = {isa = PBXBuildFile; fileRef = 08142B9B1BCF07F500AC11CA /* baseDate.cpp */; settings = {ASSET_TAGS = (); }; };
		08142BA01BCF082400AC11CA /* gregorian.cpp in Sources */ = {isa = PBXBuildFile; fileRef = 08142B9E1BCF082400AC11CA /* gregorian.cpp */; settings = {ASSET_TAGS = (); }; };
		08142BA31BCF083B00AC11CA /* julian.cpp in Sources */ = {isa = PBXBuildFile; fileRef = 08142BA11BCF083B00AC11CA /* julian.cpp */; settings = {ASSET_TAGS = (); }; };
		08142BA51BCFEA6800AC11CA /* datetest.cpp in Sources */ = {isa = PBXBuildFile; fileRef = 08142BA41BCFEA6800AC11CA /* datetest.cpp */; settings = {ASSET_TAGS = (); }; };
		082BBBE31BCEB04C004EF13B /* kattistime.cpp in Sources */ = {isa = PBXBuildFile; fileRef = 082BBBD31BCEB04C004EF13B /* kattistime.cpp */; settings = {ASSET_TAGS = (); }; };
/* End PBXBuildFile section */

/* Begin PBXCopyFilesBuildPhase section */
		08D9C96D1BCEAFAB0013886C /* CopyFiles */ = {
			isa = PBXCopyFilesBuildPhase;
			buildActionMask = 2147483647;
			dstPath = /usr/share/man/man1/;
			dstSubfolderSpec = 0;
			files = (
			);
			runOnlyForDeploymentPostprocessing = 1;
		};
/* End PBXCopyFilesBuildPhase section */

/* Begin PBXFileReference section */
		08142B991BCEF87B00AC11CA /* date.cpp */ = {isa = PBXFileReference; fileEncoding = 4; lastKnownFileType = sourcecode.cpp.cpp; path = date.cpp; sourceTree = "<group>"; };
		08142B9B1BCF07F500AC11CA /* baseDate.cpp */ = {isa = PBXFileReference; fileEncoding = 4; lastKnownFileType = sourcecode.cpp.cpp; path = baseDate.cpp; sourceTree = "<group>"; };
		08142B9C1BCF07F500AC11CA /* baseDate.hpp */ = {isa = PBXFileReference; fileEncoding = 4; lastKnownFileType = sourcecode.cpp.h; path = baseDate.hpp; sourceTree = "<group>"; };
		08142B9E1BCF082400AC11CA /* gregorian.cpp */ = {isa = PBXFileReference; fileEncoding = 4; lastKnownFileType = sourcecode.cpp.cpp; path = gregorian.cpp; sourceTree = "<group>"; };
		08142B9F1BCF082400AC11CA /* gregorian.hpp */ = {isa = PBXFileReference; fileEncoding = 4; lastKnownFileType = sourcecode.cpp.h; path = gregorian.hpp; sourceTree = "<group>"; };
		08142BA11BCF083B00AC11CA /* julian.cpp */ = {isa = PBXFileReference; fileEncoding = 4; lastKnownFileType = sourcecode.cpp.cpp; path = julian.cpp; sourceTree = "<group>"; };
		08142BA21BCF083B00AC11CA /* julian.hpp */ = {isa = PBXFileReference; fileEncoding = 4; lastKnownFileType = sourcecode.cpp.h; path = julian.hpp; sourceTree = "<group>"; };
		08142BA41BCFEA6800AC11CA /* datetest.cpp */ = {isa = PBXFileReference; fileEncoding = 4; lastKnownFileType = sourcecode.cpp.cpp; path = datetest.cpp; sourceTree = "<group>"; };
		08142BA71BD0260900AC11CA /* calendar.hpp */ = {isa = PBXFileReference; fileEncoding = 4; lastKnownFileType = sourcecode.cpp.h; path = calendar.hpp; sourceTree = "<group>"; };
		082BBBD01BCEB04C004EF13B /* date.hpp */ = {isa = PBXFileReference; fileEncoding = 4; lastKnownFileType = sourcecode.cpp.h; path = date.hpp; sourceTree = "<group>"; };
		082BBBD31BCEB04C004EF13B /* kattistime.cpp */ = {isa = PBXFileReference; fileEncoding = 4; lastKnownFileType = sourcecode.cpp.cpp; path = kattistime.cpp; sourceTree = "<group>"; };
		082BBBD41BCEB04C004EF13B /* kattistime.h */ = {isa = PBXFileReference; fileEncoding = 4; lastKnownFileType = sourcecode.c.h; path = kattistime.h; sourceTree = "<group>"; };
		08D9C96F1BCEAFAB0013886C /* lab2 */ = {isa = PBXFileReference; explicitFileType = "compiled.mach-o.executable"; includeInIndex = 0; path = lab2; sourceTree = BUILT_PRODUCTS_DIR; };
/* End PBXFileReference section */

/* Begin PBXFrameworksBuildPhase section */
		08D9C96C1BCEAFAB0013886C /* Frameworks */ = {
			isa = PBXFrameworksBuildPhase;
			buildActionMask = 2147483647;
			files = (
			);
			runOnlyForDeploymentPostprocessing = 0;
		};
/* End PBXFrameworksBuildPhase section */

/* Begin PBXGroup section */
		08D9C9661BCEAFAB0013886C = {
			isa = PBXGroup;
			children = (
				08D9C9711BCEAFAB0013886C /* lab2 */,
				08D9C9701BCEAFAB0013886C /* Products */,
			);
			sourceTree = "<group>";
		};
		08D9C9701BCEAFAB0013886C /* Products */ = {
			isa = PBXGroup;
			children = (
				08D9C96F1BCEAFAB0013886C /* lab2 */,
			);
			name = Products;
			sourceTree = "<group>";
		};
		08D9C9711BCEAFAB0013886C /* lab2 */ = {
			isa = PBXGroup;
			children = (
				08142BA41BCFEA6800AC11CA /* datetest.cpp */,
				08142B991BCEF87B00AC11CA /* date.cpp */,
				082BBBD01BCEB04C004EF13B /* date.hpp */,
				08142B9B1BCF07F500AC11CA /* baseDate.cpp */,
				08142B9C1BCF07F500AC11CA /* baseDate.hpp */,
				08142BA11BCF083B00AC11CA /* julian.cpp */,
				08142BA21BCF083B00AC11CA /* julian.hpp */,
				08142B9E1BCF082400AC11CA /* gregorian.cpp */,
				08142B9F1BCF082400AC11CA /* gregorian.hpp */,
				082BBBD31BCEB04C004EF13B /* kattistime.cpp */,
				082BBBD41BCEB04C004EF13B /* kattistime.h */,
				08142BA71BD0260900AC11CA /* calendar.hpp */,
			);
			path = lab2;
			sourceTree = "<group>";
		};
/* End PBXGroup section */

/* Begin PBXNativeTarget section */
		08D9C96E1BCEAFAB0013886C /* lab2 */ = {
			isa = PBXNativeTarget;
			buildConfigurationList = 08D9C9761BCEAFAB0013886C /* Build configuration list for PBXNativeTarget "lab2" */;
			buildPhases = (
				08D9C96B1BCEAFAB0013886C /* Sources */,
				08D9C96C1BCEAFAB0013886C /* Frameworks */,
				08D9C96D1BCEAFAB0013886C /* CopyFiles */,
			);
			buildRules = (
			);
			dependencies = (
			);
			name = lab2;
			productName = lab2;
			productReference = 08D9C96F1BCEAFAB0013886C /* lab2 */;
			productType = "com.apple.product-type.tool";
		};
/* End PBXNativeTarget section */

/* Begin PBXProject section */
		08D9C9671BCEAFAB0013886C /* Project object */ = {
			isa = PBXProject;
			attributes = {
				LastUpgradeCheck = 0700;
				ORGANIZATIONNAME = "Marcus Bergholm";
				TargetAttributes = {
					08D9C96E1BCEAFAB0013886C = {
						CreatedOnToolsVersion = 7.0.1;
					};
				};
			};
			buildConfigurationList = 08D9C96A1BCEAFAB0013886C /* Build configuration list for PBXProject "lab2" */;
			compatibilityVersion = "Xcode 3.2";
			developmentRegion = English;
			hasScannedForEncodings = 0;
			knownRegions = (
				en,
			);
			mainGroup = 08D9C9661BCEAFAB0013886C;
			productRefGroup = 08D9C9701BCEAFAB0013886C /* Products */;
			projectDirPath = "";
			projectRoot = "";
			targets = (
				08D9C96E1BCEAFAB0013886C /* lab2 */,
			);
		};
/* End PBXProject section */

/* Begin PBXSourcesBuildPhase section */
		08D9C96B1BCEAFAB0013886C /* Sources */ = {
			isa = PBXSourcesBuildPhase;
			buildActionMask = 2147483647;
			files = (
				08142BA01BCF082400AC11CA /* gregorian.cpp in Sources */,
				082BBBE31BCEB04C004EF13B /* kattistime.cpp in Sources */,
				08142BA31BCF083B00AC11CA /* julian.cpp in Sources */,
				08142BA51BCFEA6800AC11CA /* datetest.cpp in Sources */,
				08142B9D1BCF07F500AC11CA /* baseDate.cpp in Sources */,
				08142B9A1BCEF87B00AC11CA /* date.cpp in Sources */,
			);
			runOnlyForDeploymentPostprocessing = 0;
		};
/* End PBXSourcesBuildPhase section */

/* Begin XCBuildConfiguration section */
		08D9C9741BCEAFAB0013886C /* Debug */ = {
			isa = XCBuildConfiguration;
			buildSettings = {
				ALWAYS_SEARCH_USER_PATHS = NO;
				CLANG_CXX_LANGUAGE_STANDARD = "gnu++0x";
				CLANG_CXX_LIBRARY = "libc++";
				CLANG_ENABLE_MODULES = YES;
				CLANG_ENABLE_OBJC_ARC = YES;
				CLANG_WARN_BOOL_CONVERSION = YES;
				CLANG_WARN_CONSTANT_CONVERSION = YES;
				CLANG_WARN_DIRECT_OBJC_ISA_USAGE = YES_ERROR;
				CLANG_WARN_EMPTY_BODY = YES;
				CLANG_WARN_ENUM_CONVERSION = YES;
				CLANG_WARN_INT_CONVERSION = YES;
				CLANG_WARN_OBJC_ROOT_CLASS = YES_ERROR;
				CLANG_WARN_UNREACHABLE_CODE = YES;
				CLANG_WARN__DUPLICATE_METHOD_MATCH = YES;
				COPY_PHASE_STRIP = NO;
				DEBUG_INFORMATION_FORMAT = dwarf;
				ENABLE_STRICT_OBJC_MSGSEND = YES;
				ENABLE_TESTABILITY = YES;
				GCC_C_LANGUAGE_STANDARD = gnu99;
				GCC_DYNAMIC_NO_PIC = NO;
				GCC_NO_COMMON_BLOCKS = YES;
				GCC_OPTIMIZATION_LEVEL = 0;
				GCC_PREPROCESSOR_DEFINITIONS = (
					"DEBUG=1",
					"$(inherited)",
				);
				GCC_WARN_64_TO_32_BIT_CONVERSION = YES;
				GCC_WARN_ABOUT_RETURN_TYPE = YES_ERROR;
				GCC_WARN_UNDECLARED_SELECTOR = YES;
				GCC_WARN_UNINITIALIZED_AUTOS = YES_AGGRESSIVE;
				GCC_WARN_UNUSED_FUNCTION = YES;
				GCC_WARN_UNUSED_VARIABLE = YES;
				MACOSX_DEPLOYMENT_TARGET = 10.11;
				MTL_ENABLE_DEBUG_INFO = YES;
				ONLY_ACTIVE_ARCH = YES;
				SDKROOT = macosx;
			};
			name = Debug;
		};
		08D9C9751BCEAFAB0013886C /* Release */ = {
			isa = XCBuildConfiguration;
			buildSettings = {
				ALWAYS_SEARCH_USER_PATHS = NO;
				CLANG_CXX_LANGUAGE_STANDARD = "gnu++0x";
				CLANG_CXX_LIBRARY = "libc++";
				CLANG_ENABLE_MODULES = YES;
				CLANG_ENABLE_OBJC_ARC = YES;
				CLANG_WARN_BOOL_CONVERSION = YES;
				CLANG_WARN_CONSTANT_CONVERSION = YES;
				CLANG_WARN_DIRECT_OBJC_ISA_USAGE = YES_ERROR;
				CLANG_WARN_EMPTY_BODY = YES;
				CLANG_WARN_ENUM_CONVERSION = YES;
				CLANG_WARN_INT_CONVERSION = YES;
				CLANG_WARN_OBJC_ROOT_CLASS = YES_ERROR;
				CLANG_WARN_UNREACHABLE_CODE = YES;
				CLANG_WARN__DUPLICATE_METHOD_MATCH = YES;
				COPY_PHASE_STRIP = NO;
				DEBUG_INFORMATION_FORMAT = "dwarf-with-dsym";
				ENABLE_NS_ASSERTIONS = NO;
				ENABLE_STRICT_OBJC_MSGSEND = YES;
				GCC_C_LANGUAGE_STANDARD = gnu99;
				GCC_NO_COMMON_BLOCKS = YES;
				GCC_WARN_64_TO_32_BIT_CONVERSION = YES;
				GCC_WARN_ABOUT_RETURN_TYPE = YES_ERROR;
				GCC_WARN_UNDECLARED_SELECTOR = YES;
				GCC_WARN_UNINITIALIZED_AUTOS = YES_AGGRESSIVE;
				GCC_WARN_UNUSED_FUNCTION = YES;
				GCC_WARN_UNUSED_VARIABLE = YES;
				MACOSX_DEPLOYMENT_TARGET = 10.11;
				MTL_ENABLE_DEBUG_INFO = NO;
				SDKROOT = macosx;
			};
			name = Release;
		};
		08D9C9771BCEAFAB0013886C /* Debug */ = {
			isa = XCBuildConfiguration;
			buildSettings = {
				PRODUCT_NAME = "$(TARGET_NAME)";
			};
			name = Debug;
		};
		08D9C9781BCEAFAB0013886C /* Release */ = {
			isa = XCBuildConfiguration;
			buildSettings = {
				PRODUCT_NAME = "$(TARGET_NAME)";
			};
			name = Release;
		};
/* End XCBuildConfiguration section */

/* Begin XCConfigurationList section */
		08D9C96A1BCEAFAB0013886C /* Build configuration list for PBXProject "lab2" */ = {
			isa = XCConfigurationList;
			buildConfigurations = (
				08D9C9741BCEAFAB0013886C /* Debug */,
				08D9C9751BCEAFAB0013886C /* Release */,
			);
			defaultConfigurationIsVisible = 0;
			defaultConfigurationName = Release;
		};
		08D9C9761BCEAFAB0013886C /* Build configuration list for PBXNativeTarget "lab2" */ = {
			isa = XCConfigurationList;
			buildConfigurations = (
				08D9C9771BCEAFAB0013886C /* Debug */,
				08D9C9781BCEAFAB0013886C /* Release */,
			);
			defaultConfigurationIsVisible = 0;
			defaultConfigurationName = Release;
		};
/* End XCConfigurationList section */
	};
	rootObject = 08D9C9671BCEAFAB0013886C /* Project object */;
}
